
Microsoft Visual Studio Solution File, Format Version 11.00
# Visual C# Express 2010
Project("{FAE04EC0-301F-11D3-BF4B-00C04F79EFBC}") = "ML", "Lib\ML.csproj", "{38E53910-82FA-4F93-A8C8-2937849BBB88}"
EndProject
Project("{FAE04EC0-301F-11D3-BF4B-00C04F79EFBC}") = "Demo", "Demo\Demo.csproj", "{0109D065-1BC3-4550-91DD-BE92311829D7}"
EndProject
Global
	GlobalSection(SolutionConfigurationPlatforms) = preSolution
		Debug|x86 = Debug|x86
		Release|x86 = Release|x86
	EndGlobalSection
	GlobalSection(ProjectConfigurationPlatforms) = postSolution
		{38E53910-82FA-4F93-A8C8-2937849BBB88}.Debug|x86.ActiveCfg = Debug|x86
		{38E53910-82FA-4F93-A8C8-2937849BBB88}.Debug|x86.Build.0 = Debug|x86
		{38E53910-82FA-4F93-A8C8-2937849BBB88}.Release|x86.ActiveCfg = Release|x86
		{38E53910-82FA-4F93-A8C8-2937849BBB88}.Release|x86.Build.0 = Release|x86
		{0109D065-1BC3-4550-91DD-BE92311829D7}.Debug|x86.ActiveCfg = Debug|x86
		{0109D065-1BC3-4550-91DD-BE92311829D7}.Debug|x86.Build.0 = Debug|x86
		{0109D065-1BC3-4550-91DD-BE92311829D7}.Release|x86.ActiveCfg = Release|x86
		{0109D065-1BC3-4550-91DD-BE92311829D7}.Release|x86.Build.0 = Release|x86
	EndGlobalSection
	GlobalSection(SolutionProperties) = preSolution
		HideSolutionNode = FALSE
	EndGlobalSection
EndGlobal
